// !$*UTF8*$!
{
	archiveVersion = 1;
	classes = {
	};
	objectVersion = 50;
	objects = {

/* Begin PBXBuildFile section */
		189135E981014E4C4CD23662 /* Pods_DevSlopesSocial.framework in Frameworks */ = {isa = PBXBuildFile; fileRef = 1ECC21BAB34169A9DE0A9D71 /* Pods_DevSlopesSocial.framework */; };
		8316341F097DC14070B1AE76 /* Pods_DevSlopesSocialTests.framework in Frameworks */ = {isa = PBXBuildFile; fileRef = CB1D5111D50DD4AE79310827 /* Pods_DevSlopesSocialTests.framework */; };
		865D1DEC20CDB568000BA07B /* FBSDKLoginKit.framework in Frameworks */ = {isa = PBXBuildFile; fileRef = 865D1DEB20CDB568000BA07B /* FBSDKLoginKit.framework */; };
		865D1DEE20CDB573000BA07B /* FBSDKCoreKit.framework in Frameworks */ = {isa = PBXBuildFile; fileRef = 865D1DED20CDB573000BA07B /* FBSDKCoreKit.framework */; };
		86EF1E7820C96D45008D346E /* AppDelegate.swift in Sources */ = {isa = PBXBuildFile; fileRef = 86EF1E7720C96D45008D346E /* AppDelegate.swift */; };
		86EF1E7A20C96D45008D346E /* SignInVC.swift in Sources */ = {isa = PBXBuildFile; fileRef = 86EF1E7920C96D45008D346E /* SignInVC.swift */; };
		86EF1E7D20C96D45008D346E /* Main.storyboard in Resources */ = {isa = PBXBuildFile; fileRef = 86EF1E7B20C96D45008D346E /* Main.storyboard */; };
		86EF1E7F20C96D46008D346E /* Assets.xcassets in Resources */ = {isa = PBXBuildFile; fileRef = 86EF1E7E20C96D46008D346E /* Assets.xcassets */; };
		86EF1E8220C96D46008D346E /* LaunchScreen.storyboard in Resources */ = {isa = PBXBuildFile; fileRef = 86EF1E8020C96D46008D346E /* LaunchScreen.storyboard */; };
		86EF1E8D20C96D46008D346E /* DevSlopesSocialTests.swift in Sources */ = {isa = PBXBuildFile; fileRef = 86EF1E8C20C96D46008D346E /* DevSlopesSocialTests.swift */; };
		86EF1E9820C96E29008D346E /* GoogleService-Info.plist in Resources */ = {isa = PBXBuildFile; fileRef = 86EF1E9720C96E29008D346E /* GoogleService-Info.plist */; };
		86EF1E9D20C9E080008D346E /* FancyView.swift in Sources */ = {isa = PBXBuildFile; fileRef = 86EF1E9C20C9E080008D346E /* FancyView.swift */; };
		86EF1EA020C9E0F6008D346E /* Constants.swift in Sources */ = {isa = PBXBuildFile; fileRef = 86EF1E9F20C9E0F6008D346E /* Constants.swift */; };
		86EF1EA220C9E472008D346E /* RoundButton.swift in Sources */ = {isa = PBXBuildFile; fileRef = 86EF1EA120C9E472008D346E /* RoundButton.swift */; };
		86EF1EA420C9E64B008D346E /* FancyField.swift in Sources */ = {isa = PBXBuildFile; fileRef = 86EF1EA320C9E64B008D346E /* FancyField.swift */; };
		86EF1EA620C9E824008D346E /* FancyButton.swift in Sources */ = {isa = PBXBuildFile; fileRef = 86EF1EA520C9E824008D346E /* FancyButton.swift */; };
/* End PBXBuildFile section */

/* Begin PBXContainerItemProxy section */
		86EF1E8920C96D46008D346E /* PBXContainerItemProxy */ = {
			isa = PBXContainerItemProxy;
			containerPortal = 86EF1E6C20C96D45008D346E /* Project object */;
			proxyType = 1;
			remoteGlobalIDString = 86EF1E7320C96D45008D346E;
			remoteInfo = DevSlopesSocial;
		};
/* End PBXContainerItemProxy section */

/* Begin PBXFileReference section */
		1ECC21BAB34169A9DE0A9D71 /* Pods_DevSlopesSocial.framework */ = {isa = PBXFileReference; explicitFileType = wrapper.framework; includeInIndex = 0; path = Pods_DevSlopesSocial.framework; sourceTree = BUILT_PRODUCTS_DIR; };
		6818AD8600DC0DA561A5A23C /* Pods-DevSlopesSocial.debug.xcconfig */ = {isa = PBXFileReference; includeInIndex = 1; lastKnownFileType = text.xcconfig; name = "Pods-DevSlopesSocial.debug.xcconfig"; path = "Pods/Target Support Files/Pods-DevSlopesSocial/Pods-DevSlopesSocial.debug.xcconfig"; sourceTree = "<group>"; };
		865D1DEB20CDB568000BA07B /* FBSDKLoginKit.framework */ = {isa = PBXFileReference; explicitFileType = wrapper.framework; path = FBSDKLoginKit.framework; sourceTree = BUILT_PRODUCTS_DIR; };
		865D1DED20CDB573000BA07B /* FBSDKCoreKit.framework */ = {isa = PBXFileReference; explicitFileType = wrapper.framework; path = FBSDKCoreKit.framework; sourceTree = BUILT_PRODUCTS_DIR; };
		865D1DEF20CDBAAD000BA07B /* FacebookLogin.framework */ = {isa = PBXFileReference; explicitFileType = wrapper.framework; path = FacebookLogin.framework; sourceTree = BUILT_PRODUCTS_DIR; };
		865D1DF120CDD786000BA07B /* DevSlopesSocial.entitlements */ = {isa = PBXFileReference; lastKnownFileType = text.plist.entitlements; path = DevSlopesSocial.entitlements; sourceTree = "<group>"; };
		86EF1E7420C96D45008D346E /* DevSlopesSocial.app */ = {isa = PBXFileReference; explicitFileType = wrapper.application; includeInIndex = 0; path = DevSlopesSocial.app; sourceTree = BUILT_PRODUCTS_DIR; };
		86EF1E7720C96D45008D346E /* AppDelegate.swift */ = {isa = PBXFileReference; lastKnownFileType = sourcecode.swift; path = AppDelegate.swift; sourceTree = "<group>"; };
		86EF1E7920C96D45008D346E /* SignInVC.swift */ = {isa = PBXFileReference; lastKnownFileType = sourcecode.swift; path = SignInVC.swift; sourceTree = "<group>"; };
		86EF1E7C20C96D45008D346E /* Base */ = {isa = PBXFileReference; lastKnownFileType = file.storyboard; name = Base; path = Base.lproj/Main.storyboard; sourceTree = "<group>"; };
		86EF1E7E20C96D46008D346E /* Assets.xcassets */ = {isa = PBXFileReference; lastKnownFileType = folder.assetcatalog; path = Assets.xcassets; sourceTree = "<group>"; };
		86EF1E8120C96D46008D346E /* Base */ = {isa = PBXFileReference; lastKnownFileType = file.storyboard; name = Base; path = Base.lproj/LaunchScreen.storyboard; sourceTree = "<group>"; };
		86EF1E8320C96D46008D346E /* Info.plist */ = {isa = PBXFileReference; lastKnownFileType = text.plist.xml; path = Info.plist; sourceTree = "<group>"; };
		86EF1E8820C96D46008D346E /* DevSlopesSocialTests.xctest */ = {isa = PBXFileReference; explicitFileType = wrapper.cfbundle; includeInIndex = 0; path = DevSlopesSocialTests.xctest; sourceTree = BUILT_PRODUCTS_DIR; };
		86EF1E8C20C96D46008D346E /* DevSlopesSocialTests.swift */ = {isa = PBXFileReference; lastKnownFileType = sourcecode.swift; path = DevSlopesSocialTests.swift; sourceTree = "<group>"; };
		86EF1E8E20C96D46008D346E /* Info.plist */ = {isa = PBXFileReference; lastKnownFileType = text.plist.xml; path = Info.plist; sourceTree = "<group>"; };
		86EF1E9720C96E29008D346E /* GoogleService-Info.plist */ = {isa = PBXFileReference; fileEncoding = 4; lastKnownFileType = text.plist.xml; path = "GoogleService-Info.plist"; sourceTree = "<group>"; };
		86EF1E9C20C9E080008D346E /* FancyView.swift */ = {isa = PBXFileReference; lastKnownFileType = sourcecode.swift; path = FancyView.swift; sourceTree = "<group>"; };
		86EF1E9F20C9E0F6008D346E /* Constants.swift */ = {isa = PBXFileReference; lastKnownFileType = sourcecode.swift; path = Constants.swift; sourceTree = "<group>"; };
		86EF1EA120C9E472008D346E /* RoundButton.swift */ = {isa = PBXFileReference; lastKnownFileType = sourcecode.swift; path = RoundButton.swift; sourceTree = "<group>"; };
		86EF1EA320C9E64B008D346E /* FancyField.swift */ = {isa = PBXFileReference; lastKnownFileType = sourcecode.swift; path = FancyField.swift; sourceTree = "<group>"; };
		86EF1EA520C9E824008D346E /* FancyButton.swift */ = {isa = PBXFileReference; lastKnownFileType = sourcecode.swift; path = FancyButton.swift; sourceTree = "<group>"; };
		A2C07E67DE16E88DAC68FE9E /* Pods-DevSlopesSocialTests.debug.xcconfig */ = {isa = PBXFileReference; includeInIndex = 1; lastKnownFileType = text.xcconfig; name = "Pods-DevSlopesSocialTests.debug.xcconfig"; path = "Pods/Target Support Files/Pods-DevSlopesSocialTests/Pods-DevSlopesSocialTests.debug.xcconfig"; sourceTree = "<group>"; };
		AEA9DF13008C61A547998042 /* Pods-DevSlopesSocial.release.xcconfig */ = {isa = PBXFileReference; includeInIndex = 1; lastKnownFileType = text.xcconfig; name = "Pods-DevSlopesSocial.release.xcconfig"; path = "Pods/Target Support Files/Pods-DevSlopesSocial/Pods-DevSlopesSocial.release.xcconfig"; sourceTree = "<group>"; };
		CB1D5111D50DD4AE79310827 /* Pods_DevSlopesSocialTests.framework */ = {isa = PBXFileReference; explicitFileType = wrapper.framework; includeInIndex = 0; path = Pods_DevSlopesSocialTests.framework; sourceTree = BUILT_PRODUCTS_DIR; };
		E165C49EA542410005B5C848 /* Pods-DevSlopesSocialTests.release.xcconfig */ = {isa = PBXFileReference; includeInIndex = 1; lastKnownFileType = text.xcconfig; name = "Pods-DevSlopesSocialTests.release.xcconfig"; path = "Pods/Target Support Files/Pods-DevSlopesSocialTests/Pods-DevSlopesSocialTests.release.xcconfig"; sourceTree = "<group>"; };
/* End PBXFileReference section */

/* Begin PBXFrameworksBuildPhase section */
		86EF1E7120C96D45008D346E /* Frameworks */ = {
			isa = PBXFrameworksBuildPhase;
			buildActionMask = 2147483647;
			files = (
				865D1DEE20CDB573000BA07B /* FBSDKCoreKit.framework in Frameworks */,
				865D1DEC20CDB568000BA07B /* FBSDKLoginKit.framework in Frameworks */,
				189135E981014E4C4CD23662 /* Pods_DevSlopesSocial.framework in Frameworks */,
			);
			runOnlyForDeploymentPostprocessing = 0;
		};
		86EF1E8520C96D46008D346E /* Frameworks */ = {
			isa = PBXFrameworksBuildPhase;
			buildActionMask = 2147483647;
			files = (
				8316341F097DC14070B1AE76 /* Pods_DevSlopesSocialTests.framework in Frameworks */,
			);
			runOnlyForDeploymentPostprocessing = 0;
		};
/* End PBXFrameworksBuildPhase section */

/* Begin PBXGroup section */
		86EF1E6B20C96D45008D346E = {
			isa = PBXGroup;
			children = (
				86EF1E7620C96D45008D346E /* DevSlopesSocial */,
				86EF1E8B20C96D46008D346E /* DevSlopesSocialTests */,
				86EF1E7520C96D45008D346E /* Products */,
				BA994CB6AFD0B4F151C3D10E /* Pods */,
				F5AE966190FFDA402241FDF1 /* Frameworks */,
			);
			sourceTree = "<group>";
		};
		86EF1E7520C96D45008D346E /* Products */ = {
			isa = PBXGroup;
			children = (
				86EF1E7420C96D45008D346E /* DevSlopesSocial.app */,
				86EF1E8820C96D46008D346E /* DevSlopesSocialTests.xctest */,
			);
			name = Products;
			sourceTree = "<group>";
		};
		86EF1E7620C96D45008D346E /* DevSlopesSocial */ = {
			isa = PBXGroup;
			children = (
				865D1DF120CDD786000BA07B /* DevSlopesSocial.entitlements */,
				86EF1E9E20C9E0E0008D346E /* Utils */,
				86EF1E9920C98932008D346E /* Model */,
				86EF1E9A20C98935008D346E /* View */,
				86EF1E9B20C98945008D346E /* Controller */,
				86EF1E7720C96D45008D346E /* AppDelegate.swift */,
				86EF1E7B20C96D45008D346E /* Main.storyboard */,
				86EF1E7E20C96D46008D346E /* Assets.xcassets */,
				86EF1E8020C96D46008D346E /* LaunchScreen.storyboard */,
				86EF1E8320C96D46008D346E /* Info.plist */,
				86EF1E9720C96E29008D346E /* GoogleService-Info.plist */,
			);
			path = DevSlopesSocial;
			sourceTree = "<group>";
		};
		86EF1E8B20C96D46008D346E /* DevSlopesSocialTests */ = {
			isa = PBXGroup;
			children = (
				86EF1E8C20C96D46008D346E /* DevSlopesSocialTests.swift */,
				86EF1E8E20C96D46008D346E /* Info.plist */,
			);
			path = DevSlopesSocialTests;
			sourceTree = "<group>";
		};
		86EF1E9920C98932008D346E /* Model */ = {
			isa = PBXGroup;
			children = (
			);
			path = Model;
			sourceTree = "<group>";
		};
		86EF1E9A20C98935008D346E /* View */ = {
			isa = PBXGroup;
			children = (
				86EF1E9C20C9E080008D346E /* FancyView.swift */,
				86EF1EA120C9E472008D346E /* RoundButton.swift */,
				86EF1EA320C9E64B008D346E /* FancyField.swift */,
				86EF1EA520C9E824008D346E /* FancyButton.swift */,
			);
			path = View;
			sourceTree = "<group>";
		};
		86EF1E9B20C98945008D346E /* Controller */ = {
			isa = PBXGroup;
			children = (
				86EF1E7920C96D45008D346E /* SignInVC.swift */,
			);
			path = Controller;
			sourceTree = "<group>";
		};
		86EF1E9E20C9E0E0008D346E /* Utils */ = {
			isa = PBXGroup;
			children = (
				86EF1E9F20C9E0F6008D346E /* Constants.swift */,
			);
			path = Utils;
			sourceTree = "<group>";
		};
		BA994CB6AFD0B4F151C3D10E /* Pods */ = {
			isa = PBXGroup;
			children = (
				6818AD8600DC0DA561A5A23C /* Pods-DevSlopesSocial.debug.xcconfig */,
				AEA9DF13008C61A547998042 /* Pods-DevSlopesSocial.release.xcconfig */,
				A2C07E67DE16E88DAC68FE9E /* Pods-DevSlopesSocialTests.debug.xcconfig */,
				E165C49EA542410005B5C848 /* Pods-DevSlopesSocialTests.release.xcconfig */,
			);
			name = Pods;
			sourceTree = "<group>";
		};
		F5AE966190FFDA402241FDF1 /* Frameworks */ = {
			isa = PBXGroup;
			children = (
				865D1DEF20CDBAAD000BA07B /* FacebookLogin.framework */,
				865D1DED20CDB573000BA07B /* FBSDKCoreKit.framework */,
				865D1DEB20CDB568000BA07B /* FBSDKLoginKit.framework */,
				1ECC21BAB34169A9DE0A9D71 /* Pods_DevSlopesSocial.framework */,
				CB1D5111D50DD4AE79310827 /* Pods_DevSlopesSocialTests.framework */,
			);
			name = Frameworks;
			sourceTree = "<group>";
		};
/* End PBXGroup section */

/* Begin PBXNativeTarget section */
		86EF1E7320C96D45008D346E /* DevSlopesSocial */ = {
			isa = PBXNativeTarget;
			buildConfigurationList = 86EF1E9120C96D46008D346E /* Build configuration list for PBXNativeTarget "DevSlopesSocial" */;
			buildPhases = (
				E686AEBF5B060D97E0060AF7 /* [CP] Check Pods Manifest.lock */,
				86EF1E7020C96D45008D346E /* Sources */,
				86EF1E7120C96D45008D346E /* Frameworks */,
				86EF1E7220C96D45008D346E /* Resources */,
				18A4AC98C8B96C899EDB22BB /* [CP] Embed Pods Frameworks */,
			);
			buildRules = (
			);
			dependencies = (
			);
			name = DevSlopesSocial;
			productName = DevSlopesSocial;
			productReference = 86EF1E7420C96D45008D346E /* DevSlopesSocial.app */;
			productType = "com.apple.product-type.application";
		};
		86EF1E8720C96D46008D346E /* DevSlopesSocialTests */ = {
			isa = PBXNativeTarget;
			buildConfigurationList = 86EF1E9420C96D46008D346E /* Build configuration list for PBXNativeTarget "DevSlopesSocialTests" */;
			buildPhases = (
				CF0CB92C0974B9B6277709EA /* [CP] Check Pods Manifest.lock */,
				86EF1E8420C96D46008D346E /* Sources */,
				86EF1E8520C96D46008D346E /* Frameworks */,
				86EF1E8620C96D46008D346E /* Resources */,
			);
			buildRules = (
			);
			dependencies = (
				86EF1E8A20C96D46008D346E /* PBXTargetDependency */,
			);
			name = DevSlopesSocialTests;
			productName = DevSlopesSocialTests;
			productReference = 86EF1E8820C96D46008D346E /* DevSlopesSocialTests.xctest */;
			productType = "com.apple.product-type.bundle.unit-test";
		};
/* End PBXNativeTarget section */

/* Begin PBXProject section */
		86EF1E6C20C96D45008D346E /* Project object */ = {
			isa = PBXProject;
			attributes = {
				LastSwiftUpdateCheck = 0930;
				LastUpgradeCheck = 0930;
				ORGANIZATIONNAME = "Stevan Medic";
				TargetAttributes = {
					86EF1E7320C96D45008D346E = {
						CreatedOnToolsVersion = 9.3;
						SystemCapabilities = {
							com.apple.Keychain = {
								enabled = 0;
							};
						};
					};
					86EF1E8720C96D46008D346E = {
						CreatedOnToolsVersion = 9.3;
						TestTargetID = 86EF1E7320C96D45008D346E;
					};
				};
			};
			buildConfigurationList = 86EF1E6F20C96D45008D346E /* Build configuration list for PBXProject "DevSlopesSocial" */;
			compatibilityVersion = "Xcode 9.3";
			developmentRegion = en;
			hasScannedForEncodings = 0;
			knownRegions = (
				en,
				Base,
			);
			mainGroup = 86EF1E6B20C96D45008D346E;
			productRefGroup = 86EF1E7520C96D45008D346E /* Products */;
			projectDirPath = "";
			projectRoot = "";
			targets = (
				86EF1E7320C96D45008D346E /* DevSlopesSocial */,
				86EF1E8720C96D46008D346E /* DevSlopesSocialTests */,
			);
		};
/* End PBXProject section */

/* Begin PBXResourcesBuildPhase section */
		86EF1E7220C96D45008D346E /* Resources */ = {
			isa = PBXResourcesBuildPhase;
			buildActionMask = 2147483647;
			files = (
				86EF1E8220C96D46008D346E /* LaunchScreen.storyboard in Resources */,
				86EF1E9820C96E29008D346E /* GoogleService-Info.plist in Resources */,
				86EF1E7F20C96D46008D346E /* Assets.xcassets in Resources */,
				86EF1E7D20C96D45008D346E /* Main.storyboard in Resources */,
			);
			runOnlyForDeploymentPostprocessing = 0;
		};
		86EF1E8620C96D46008D346E /* Resources */ = {
			isa = PBXResourcesBuildPhase;
			buildActionMask = 2147483647;
			files = (
			);
			runOnlyForDeploymentPostprocessing = 0;
		};
/* End PBXResourcesBuildPhase section */

/* Begin PBXShellScriptBuildPhase section */
		18A4AC98C8B96C899EDB22BB /* [CP] Embed Pods Frameworks */ = {
			isa = PBXShellScriptBuildPhase;
			buildActionMask = 2147483647;
			files = (
			);
			inputPaths = (
				"${SRCROOT}/Pods/Target Support Files/Pods-DevSlopesSocial/Pods-DevSlopesSocial-frameworks.sh",
				"${BUILT_PRODUCTS_DIR}/Bolts/Bolts.framework",
				"${BUILT_PRODUCTS_DIR}/FBSDKCoreKit/FBSDKCoreKit.framework",
				"${BUILT_PRODUCTS_DIR}/FBSDKLoginKit/FBSDKLoginKit.framework",
				"${BUILT_PRODUCTS_DIR}/FacebookCore/FacebookCore.framework",
				"${BUILT_PRODUCTS_DIR}/FacebookLogin/FacebookLogin.framework",
				"${BUILT_PRODUCTS_DIR}/GTMSessionFetcher/GTMSessionFetcher.framework",
				"${BUILT_PRODUCTS_DIR}/GoogleToolboxForMac/GoogleToolboxForMac.framework",
				"${BUILT_PRODUCTS_DIR}/nanopb/nanopb.framework",
			);
			name = "[CP] Embed Pods Frameworks";
			outputPaths = (
				"${TARGET_BUILD_DIR}/${FRAMEWORKS_FOLDER_PATH}/Bolts.framework",
				"${TARGET_BUILD_DIR}/${FRAMEWORKS_FOLDER_PATH}/FBSDKCoreKit.framework",
				"${TARGET_BUILD_DIR}/${FRAMEWORKS_FOLDER_PATH}/FBSDKLoginKit.framework",
				"${TARGET_BUILD_DIR}/${FRAMEWORKS_FOLDER_PATH}/FacebookCore.framework",
				"${TARGET_BUILD_DIR}/${FRAMEWORKS_FOLDER_PATH}/FacebookLogin.framework",
				"${TARGET_BUILD_DIR}/${FRAMEWORKS_FOLDER_PATH}/GTMSessionFetcher.framework",
				"${TARGET_BUILD_DIR}/${FRAMEWORKS_FOLDER_PATH}/GoogleToolboxForMac.framework",
				"${TARGET_BUILD_DIR}/${FRAMEWORKS_FOLDER_PATH}/nanopb.framework",
			);
			runOnlyForDeploymentPostprocessing = 0;
			shellPath = /bin/sh;
			shellScript = "\"${SRCROOT}/Pods/Target Support Files/Pods-DevSlopesSocial/Pods-DevSlopesSocial-frameworks.sh\"\n";
			showEnvVarsInLog = 0;
		};
		CF0CB92C0974B9B6277709EA /* [CP] Check Pods Manifest.lock */ = {
			isa = PBXShellScriptBuildPhase;
			buildActionMask = 2147483647;
			files = (
			);
			inputPaths = (
				"${PODS_PODFILE_DIR_PATH}/Podfile.lock",
				"${PODS_ROOT}/Manifest.lock",
			);
			name = "[CP] Check Pods Manifest.lock";
			outputPaths = (
				"$(DERIVED_FILE_DIR)/Pods-DevSlopesSocialTests-checkManifestLockResult.txt",
			);
			runOnlyForDeploymentPostprocessing = 0;
			shellPath = /bin/sh;
			shellScript = "diff \"${PODS_PODFILE_DIR_PATH}/Podfile.lock\" \"${PODS_ROOT}/Manifest.lock\" > /dev/null\nif [ $? != 0 ] ; then\n    # print error to STDERR\n    echo \"error: The sandbox is not in sync with the Podfile.lock. Run 'pod install' or update your CocoaPods installation.\" >&2\n    exit 1\nfi\n# This output is used by Xcode 'outputs' to avoid re-running this script phase.\necho \"SUCCESS\" > \"${SCRIPT_OUTPUT_FILE_0}\"\n";
			showEnvVarsInLog = 0;
		};
		E686AEBF5B060D97E0060AF7 /* [CP] Check Pods Manifest.lock */ = {
			isa = PBXShellScriptBuildPhase;
			buildActionMask = 2147483647;
			files = (
			);
			inputPaths = (
				"${PODS_PODFILE_DIR_PATH}/Podfile.lock",
				"${PODS_ROOT}/Manifest.lock",
			);
			name = "[CP] Check Pods Manifest.lock";
			outputPaths = (
				"$(DERIVED_FILE_DIR)/Pods-DevSlopesSocial-checkManifestLockResult.txt",
			);
			runOnlyForDeploymentPostprocessing = 0;
			shellPath = /bin/sh;
			shellScript = "diff \"${PODS_PODFILE_DIR_PATH}/Podfile.lock\" \"${PODS_ROOT}/Manifest.lock\" > /dev/null\nif [ $? != 0 ] ; then\n    # print error to STDERR\n    echo \"error: The sandbox is not in sync with the Podfile.lock. Run 'pod install' or update your CocoaPods installation.\" >&2\n    exit 1\nfi\n# This output is used by Xcode 'outputs' to avoid re-running this script phase.\necho \"SUCCESS\" > \"${SCRIPT_OUTPUT_FILE_0}\"\n";
			showEnvVarsInLog = 0;
		};
/* End PBXShellScriptBuildPhase section */

/* Begin PBXSourcesBuildPhase section */
		86EF1E7020C96D45008D346E /* Sources */ = {
			isa = PBXSourcesBuildPhase;
			buildActionMask = 2147483647;
			files = (
				86EF1EA420C9E64B008D346E /* FancyField.swift in Sources */,
				86EF1E7A20C96D45008D346E /* SignInVC.swift in Sources */,
				86EF1EA220C9E472008D346E /* RoundButton.swift in Sources */,
				86EF1EA620C9E824008D346E /* FancyButton.swift in Sources */,
				86EF1E7820C96D45008D346E /* AppDelegate.swift in Sources */,
				86EF1E9D20C9E080008D346E /* FancyView.swift in Sources */,
				86EF1EA020C9E0F6008D346E /* Constants.swift in Sources */,
			);
			runOnlyForDeploymentPostprocessing = 0;
		};
		86EF1E8420C96D46008D346E /* Sources */ = {
			isa = PBXSourcesBuildPhase;
			buildActionMask = 2147483647;
			files = (
				86EF1E8D20C96D46008D346E /* DevSlopesSocialTests.swift in Sources */,
			);
			runOnlyForDeploymentPostprocessing = 0;
		};
/* End PBXSourcesBuildPhase section */

/* Begin PBXTargetDependency section */
		86EF1E8A20C96D46008D346E /* PBXTargetDependency */ = {
			isa = PBXTargetDependency;
			target = 86EF1E7320C96D45008D346E /* DevSlopesSocial */;
			targetProxy = 86EF1E8920C96D46008D346E /* PBXContainerItemProxy */;
		};
/* End PBXTargetDependency section */

/* Begin PBXVariantGroup section */
		86EF1E7B20C96D45008D346E /* Main.storyboard */ = {
			isa = PBXVariantGroup;
			children = (
				86EF1E7C20C96D45008D346E /* Base */,
			);
			name = Main.storyboard;
			sourceTree = "<group>";
		};
		86EF1E8020C96D46008D346E /* LaunchScreen.storyboard */ = {
			isa = PBXVariantGroup;
			children = (
				86EF1E8120C96D46008D346E /* Base */,
			);
			name = LaunchScreen.storyboard;
			sourceTree = "<group>";
		};
/* End PBXVariantGroup section */

/* Begin XCBuildConfiguration section */
		86EF1E8F20C96D46008D346E /* Debug */ = {
			isa = XCBuildConfiguration;
			buildSettings = {
				ALWAYS_SEARCH_USER_PATHS = NO;
				CLANG_ANALYZER_NONNULL = YES;
				CLANG_ANALYZER_NUMBER_OBJECT_CONVERSION = YES_AGGRESSIVE;
				CLANG_CXX_LANGUAGE_STANDARD = "gnu++14";
				CLANG_CXX_LIBRARY = "libc++";
				CLANG_ENABLE_MODULES = YES;
				CLANG_ENABLE_OBJC_ARC = YES;
				CLANG_ENABLE_OBJC_WEAK = YES;
				CLANG_WARN_BLOCK_CAPTURE_AUTORELEASING = YES;
				CLANG_WARN_BOOL_CONVERSION = YES;
				CLANG_WARN_COMMA = YES;
				CLANG_WARN_CONSTANT_CONVERSION = YES;
				CLANG_WARN_DEPRECATED_OBJC_IMPLEMENTATIONS = YES;
				CLANG_WARN_DIRECT_OBJC_ISA_USAGE = YES_ERROR;
				CLANG_WARN_DOCUMENTATION_COMMENTS = YES;
				CLANG_WARN_EMPTY_BODY = YES;
				CLANG_WARN_ENUM_CONVERSION = YES;
				CLANG_WARN_INFINITE_RECURSION = YES;
				CLANG_WARN_INT_CONVERSION = YES;
				CLANG_WARN_NON_LITERAL_NULL_CONVERSION = YES;
				CLANG_WARN_OBJC_IMPLICIT_RETAIN_SELF = YES;
				CLANG_WARN_OBJC_LITERAL_CONVERSION = YES;
				CLANG_WARN_OBJC_ROOT_CLASS = YES_ERROR;
				CLANG_WARN_RANGE_LOOP_ANALYSIS = YES;
				CLANG_WARN_STRICT_PROTOTYPES = YES;
				CLANG_WARN_SUSPICIOUS_MOVE = YES;
				CLANG_WARN_UNGUARDED_AVAILABILITY = YES_AGGRESSIVE;
				CLANG_WARN_UNREACHABLE_CODE = YES;
				CLANG_WARN__DUPLICATE_METHOD_MATCH = YES;
				CODE_SIGN_IDENTITY = "iPhone Developer";
				COPY_PHASE_STRIP = NO;
				DEBUG_INFORMATION_FORMAT = dwarf;
				ENABLE_STRICT_OBJC_MSGSEND = YES;
				ENABLE_TESTABILITY = YES;
				GCC_C_LANGUAGE_STANDARD = gnu11;
				GCC_DYNAMIC_NO_PIC = NO;
				GCC_NO_COMMON_BLOCKS = YES;
				GCC_OPTIMIZATION_LEVEL = 0;
				GCC_PREPROCESSOR_DEFINITIONS = (
					"DEBUG=1",
					"$(inherited)",
				);
				GCC_WARN_64_TO_32_BIT_CONVERSION = YES;
				GCC_WARN_ABOUT_RETURN_TYPE = YES_ERROR;
				GCC_WARN_UNDECLARED_SELECTOR = YES;
				GCC_WARN_UNINITIALIZED_AUTOS = YES_AGGRESSIVE;
				GCC_WARN_UNUSED_FUNCTION = YES;
				GCC_WARN_UNUSED_VARIABLE = YES;
				IPHONEOS_DEPLOYMENT_TARGET = 11.3;
				MTL_ENABLE_DEBUG_INFO = YES;
				ONLY_ACTIVE_ARCH = YES;
				SDKROOT = iphoneos;
				SWIFT_ACTIVE_COMPILATION_CONDITIONS = DEBUG;
				SWIFT_OPTIMIZATION_LEVEL = "-Onone";
			};
			name = Debug;
		};
		86EF1E9020C96D46008D346E /* Release */ = {
			isa = XCBuildConfiguration;
			buildSettings = {
				ALWAYS_SEARCH_USER_PATHS = NO;
				CLANG_ANALYZER_NONNULL = YES;
				CLANG_ANALYZER_NUMBER_OBJECT_CONVERSION = YES_AGGRESSIVE;
				CLANG_CXX_LANGUAGE_STANDARD = "gnu++14";
				CLANG_CXX_LIBRARY = "libc++";
				CLANG_ENABLE_MODULES = YES;
				CLANG_ENABLE_OBJC_ARC = YES;
				CLANG_ENABLE_OBJC_WEAK = YES;
				CLANG_WARN_BLOCK_CAPTURE_AUTORELEASING = YES;
				CLANG_WARN_BOOL_CONVERSION = YES;
				CLANG_WARN_COMMA = YES;
				CLANG_WARN_CONSTANT_CONVERSION = YES;
				CLANG_WARN_DEPRECATED_OBJC_IMPLEMENTATIONS = YES;
				CLANG_WARN_DIRECT_OBJC_ISA_USAGE = YES_ERROR;
				CLANG_WARN_DOCUMENTATION_COMMENTS = YES;
				CLANG_WARN_EMPTY_BODY = YES;
				CLANG_WARN_ENUM_CONVERSION = YES;
				CLANG_WARN_INFINITE_RECURSION = YES;
				CLANG_WARN_INT_CONVERSION = YES;
				CLANG_WARN_NON_LITERAL_NULL_CONVERSION = YES;
				CLANG_WARN_OBJC_IMPLICIT_RETAIN_SELF = YES;
				CLANG_WARN_OBJC_LITERAL_CONVERSION = YES;
				CLANG_WARN_OBJC_ROOT_CLASS = YES_ERROR;
				CLANG_WARN_RANGE_LOOP_ANALYSIS = YES;
				CLANG_WARN_STRICT_PROTOTYPES = YES;
				CLANG_WARN_SUSPICIOUS_MOVE = YES;
				CLANG_WARN_UNGUARDED_AVAILABILITY = YES_AGGRESSIVE;
				CLANG_WARN_UNREACHABLE_CODE = YES;
				CLANG_WARN__DUPLICATE_METHOD_MATCH = YES;
				CODE_SIGN_IDENTITY = "iPhone Developer";
				COPY_PHASE_STRIP = NO;
				DEBUG_INFORMATION_FORMAT = "dwarf-with-dsym";
				ENABLE_NS_ASSERTIONS = NO;
				ENABLE_STRICT_OBJC_MSGSEND = YES;
				GCC_C_LANGUAGE_STANDARD = gnu11;
				GCC_NO_COMMON_BLOCKS = YES;
				GCC_WARN_64_TO_32_BIT_CONVERSION = YES;
				GCC_WARN_ABOUT_RETURN_TYPE = YES_ERROR;
				GCC_WARN_UNDECLARED_SELECTOR = YES;
				GCC_WARN_UNINITIALIZED_AUTOS = YES_AGGRESSIVE;
				GCC_WARN_UNUSED_FUNCTION = YES;
				GCC_WARN_UNUSED_VARIABLE = YES;
				IPHONEOS_DEPLOYMENT_TARGET = 11.3;
				MTL_ENABLE_DEBUG_INFO = NO;
				SDKROOT = iphoneos;
				SWIFT_COMPILATION_MODE = wholemodule;
				SWIFT_OPTIMIZATION_LEVEL = "-O";
				VALIDATE_PRODUCT = YES;
			};
			name = Release;
		};
		86EF1E9220C96D46008D346E /* Debug */ = {
			isa = XCBuildConfiguration;
			baseConfigurationReference = 6818AD8600DC0DA561A5A23C /* Pods-DevSlopesSocial.debug.xcconfig */;
			buildSettings = {
				ASSETCATALOG_COMPILER_APPICON_NAME = AppIcon;
				CODE_SIGN_STYLE = Automatic;
				DEVELOPMENT_TEAM = G3AXZ78R6P;
				INFOPLIST_FILE = DevSlopesSocial/Info.plist;
				LD_RUNPATH_SEARCH_PATHS = (
					"$(inherited)",
					"@executable_path/Frameworks",
				);
				PRODUCT_BUNDLE_IDENTIFIER = com.smedic.DevSlopesSocial;
				PRODUCT_NAME = "$(TARGET_NAME)";
				SWIFT_VERSION = 4.0;
				TARGETED_DEVICE_FAMILY = "1,2";
			};
			name = Debug;
		};
		86EF1E9320C96D46008D346E /* Release */ = {
			isa = XCBuildConfiguration;
			baseConfigurationReference = AEA9DF13008C61A547998042 /* Pods-DevSlopesSocial.release.xcconfig */;
			buildSettings = {
				ASSETCATALOG_COMPILER_APPICON_NAME = AppIcon;
				CODE_SIGN_STYLE = Automatic;
				DEVELOPMENT_TEAM = G3AXZ78R6P;
				INFOPLIST_FILE = DevSlopesSocial/Info.plist;
				LD_RUNPATH_SEARCH_PATHS = (
					"$(inherited)",
					"@executable_path/Frameworks",
				);
				PRODUCT_BUNDLE_IDENTIFIER = com.smedic.DevSlopesSocial;
				PRODUCT_NAME = "$(TARGET_NAME)";
				SWIFT_VERSION = 4.0;
				TARGETED_DEVICE_FAMILY = "1,2";
			};
			name = Release;
		};
		86EF1E9520C96D46008D346E /* Debug */ = {
			isa = XCBuildConfiguration;
			baseConfigurationReference = A2C07E67DE16E88DAC68FE9E /* Pods-DevSlopesSocialTests.debug.xcconfig */;
			buildSettings = {
				ALWAYS_EMBED_SWIFT_STANDARD_LIBRARIES = YES;
				BUNDLE_LOADER = "$(TEST_HOST)";
				CODE_SIGN_STYLE = Automatic;
				DEVELOPMENT_TEAM = G3AXZ78R6P;
				INFOPLIST_FILE = DevSlopesSocialTests/Info.plist;
				LD_RUNPATH_SEARCH_PATHS = (
					"$(inherited)",
					"@executable_path/Frameworks",
					"@loader_path/Frameworks",
				);
				PRODUCT_BUNDLE_IDENTIFIER = com.smedic.DevSlopesSocialTests;
				PRODUCT_NAME = "$(TARGET_NAME)";
				SWIFT_VERSION = 4.0;
				TARGETED_DEVICE_FAMILY = "1,2";
				TEST_HOST = "$(BUILT_PRODUCTS_DIR)/DevSlopesSocial.app/DevSlopesSocial";
			};
			name = Debug;
		};
		86EF1E9620C96D46008D346E /* Release */ = {
			isa = XCBuildConfiguration;
			baseConfigurationReference = E165C49EA542410005B5C848 /* Pods-DevSlopesSocialTests.release.xcconfig */;
			buildSettings = {
				ALWAYS_EMBED_SWIFT_STANDARD_LIBRARIES = YES;
				BUNDLE_LOADER = "$(TEST_HOST)";
				CODE_SIGN_STYLE = Automatic;
				DEVELOPMENT_TEAM = G3AXZ78R6P;
				INFOPLIST_FILE = DevSlopesSocialTests/Info.plist;
				LD_RUNPATH_SEARCH_PATHS = (
					"$(inherited)",
					"@executable_path/Frameworks",
					"@loader_path/Frameworks",
				);
				PRODUCT_BUNDLE_IDENTIFIER = com.smedic.DevSlopesSocialTests;
				PRODUCT_NAME = "$(TARGET_NAME)";
				SWIFT_VERSION = 4.0;
				TARGETED_DEVICE_FAMILY = "1,2";
				TEST_HOST = "$(BUILT_PRODUCTS_DIR)/DevSlopesSocial.app/DevSlopesSocial";
			};
			name = Release;
		};
/* End XCBuildConfiguration section */

/* Begin XCConfigurationList section */
		86EF1E6F20C96D45008D346E /* Build configuration list for PBXProject "DevSlopesSocial" */ = {
			isa = XCConfigurationList;
			buildConfigurations = (
				86EF1E8F20C96D46008D346E /* Debug */,
				86EF1E9020C96D46008D346E /* Release */,
			);
			defaultConfigurationIsVisible = 0;
			defaultConfigurationName = Release;
		};
		86EF1E9120C96D46008D346E /* Build configuration list for PBXNativeTarget "DevSlopesSocial" */ = {
			isa = XCConfigurationList;
			buildConfigurations = (
				86EF1E9220C96D46008D346E /* Debug */,
				86EF1E9320C96D46008D346E /* Release */,
			);
			defaultConfigurationIsVisible = 0;
			defaultConfigurationName = Release;
		};
		86EF1E9420C96D46008D346E /* Build configuration list for PBXNativeTarget "DevSlopesSocialTests" */ = {
			isa = XCConfigurationList;
			buildConfigurations = (
				86EF1E9520C96D46008D346E /* Debug */,
				86EF1E9620C96D46008D346E /* Release */,
			);
			defaultConfigurationIsVisible = 0;
			defaultConfigurationName = Release;
		};
/* End XCConfigurationList section */
	};
	rootObject = 86EF1E6C20C96D45008D346E /* Project object */;
}
